<?xml version="1.0" encoding="UTF-8"?>
<CodeBlocks_project_file>
	<FileVersion major="1" minor="6"/>
	<Project>
		<Option title="vm"/>
		<Option makefile_is_custom="1"/>
		<Option compiler="gcc"/>
		<Option virtualFolders="CMake Files\;"/>
		<Build>
			<Target title="all">
				<Option working_dir="/home/oswinso/Documents/74juu/vm"/>
				<Option type="4"/>
				<MakeCommands>
					<Build command="/usr/bin/make -f &quot;/home/oswinso/Documents/74juu/vm/Makefile&quot;  VERBOSE=1 all"/>
					<CompileFile command="/usr/bin/make -f &quot;/home/oswinso/Documents/74juu/vm/Makefile&quot;  VERBOSE=1 &quot;$file&quot;"/>
					<Clean command="/usr/bin/make -f &quot;/home/oswinso/Documents/74juu/vm/Makefile&quot;  VERBOSE=1 clean"/>
					<DistClean command="/usr/bin/make -f &quot;/home/oswinso/Documents/74juu/vm/Makefile&quot;  VERBOSE=1 clean"/>
				</MakeCommands>
			</Target>
			<Target title="rebuild_cache">
				<Option working_dir="/home/oswinso/Documents/74juu/vm"/>
				<Option type="4"/>
				<MakeCommands>
					<Build command="/usr/bin/make -f &quot;/home/oswinso/Documents/74juu/vm/Makefile&quot;  VERBOSE=1 rebuild_cache"/>
					<CompileFile command="/usr/bin/make -f &quot;/home/oswinso/Documents/74juu/vm/Makefile&quot;  VERBOSE=1 &quot;$file&quot;"/>
					<Clean command="/usr/bin/make -f &quot;/home/oswinso/Documents/74juu/vm/Makefile&quot;  VERBOSE=1 clean"/>
					<DistClean command="/usr/bin/make -f &quot;/home/oswinso/Documents/74juu/vm/Makefile&quot;  VERBOSE=1 clean"/>
				</MakeCommands>
			</Target>
			<Target title="edit_cache">
				<Option working_dir="/home/oswinso/Documents/74juu/vm"/>
				<Option type="4"/>
				<MakeCommands>
					<Build command="/usr/bin/make -f &quot;/home/oswinso/Documents/74juu/vm/Makefile&quot;  VERBOSE=1 edit_cache"/>
					<CompileFile command="/usr/bin/make -f &quot;/home/oswinso/Documents/74juu/vm/Makefile&quot;  VERBOSE=1 &quot;$file&quot;"/>
					<Clean command="/usr/bin/make -f &quot;/home/oswinso/Documents/74juu/vm/Makefile&quot;  VERBOSE=1 clean"/>
					<DistClean command="/usr/bin/make -f &quot;/home/oswinso/Documents/74juu/vm/Makefile&quot;  VERBOSE=1 clean"/>
				</MakeCommands>
			</Target>
			<Target title="vm">
				<Option output="/home/oswinso/Documents/74juu/vm/vm" prefix_auto="0" extension_auto="0"/>
				<Option working_dir="/home/oswinso/Documents/74juu/vm"/>
				<Option object_output="./"/>
				<Option type="1"/>
				<Option compiler="gcc"/>
				<Compiler/>
				<MakeCommands>
					<Build command="/usr/bin/make -f &quot;/home/oswinso/Documents/74juu/vm/Makefile&quot;  VERBOSE=1 vm"/>
					<CompileFile command="/usr/bin/make -f &quot;/home/oswinso/Documents/74juu/vm/Makefile&quot;  VERBOSE=1 &quot;$file&quot;"/>
					<Clean command="/usr/bin/make -f &quot;/home/oswinso/Documents/74juu/vm/Makefile&quot;  VERBOSE=1 clean"/>
					<DistClean command="/usr/bin/make -f &quot;/home/oswinso/Documents/74juu/vm/Makefile&quot;  VERBOSE=1 clean"/>
				</MakeCommands>
			</Target>
			<Target title="vm/fast">
				<Option output="/home/oswinso/Documents/74juu/vm/vm" prefix_auto="0" extension_auto="0"/>
				<Option working_dir="/home/oswinso/Documents/74juu/vm"/>
				<Option object_output="./"/>
				<Option type="1"/>
				<Option compiler="gcc"/>
				<Compiler/>
				<MakeCommands>
					<Build command="/usr/bin/make -f &quot;/home/oswinso/Documents/74juu/vm/Makefile&quot;  VERBOSE=1 vm/fast"/>
					<CompileFile command="/usr/bin/make -f &quot;/home/oswinso/Documents/74juu/vm/Makefile&quot;  VERBOSE=1 &quot;$file&quot;"/>
					<Clean command="/usr/bin/make -f &quot;/home/oswinso/Documents/74juu/vm/Makefile&quot;  VERBOSE=1 clean"/>
					<DistClean command="/usr/bin/make -f &quot;/home/oswinso/Documents/74juu/vm/Makefile&quot;  VERBOSE=1 clean"/>
				</MakeCommands>
			</Target>
			<Target title="testing">
				<Option output="/home/oswinso/Documents/74juu/vm/testing" prefix_auto="0" extension_auto="0"/>
				<Option working_dir="/home/oswinso/Documents/74juu/vm"/>
				<Option object_output="./"/>
				<Option type="1"/>
				<Option compiler="gcc"/>
				<Compiler/>
				<MakeCommands>
					<Build command="/usr/bin/make -f &quot;/home/oswinso/Documents/74juu/vm/Makefile&quot;  VERBOSE=1 testing"/>
					<CompileFile command="/usr/bin/make -f &quot;/home/oswinso/Documents/74juu/vm/Makefile&quot;  VERBOSE=1 &quot;$file&quot;"/>
					<Clean command="/usr/bin/make -f &quot;/home/oswinso/Documents/74juu/vm/Makefile&quot;  VERBOSE=1 clean"/>
					<DistClean command="/usr/bin/make -f &quot;/home/oswinso/Documents/74juu/vm/Makefile&quot;  VERBOSE=1 clean"/>
				</MakeCommands>
			</Target>
			<Target title="testing/fast">
				<Option output="/home/oswinso/Documents/74juu/vm/testing" prefix_auto="0" extension_auto="0"/>
				<Option working_dir="/home/oswinso/Documents/74juu/vm"/>
				<Option object_output="./"/>
				<Option type="1"/>
				<Option compiler="gcc"/>
				<Compiler/>
				<MakeCommands>
					<Build command="/usr/bin/make -f &quot;/home/oswinso/Documents/74juu/vm/Makefile&quot;  VERBOSE=1 testing/fast"/>
					<CompileFile command="/usr/bin/make -f &quot;/home/oswinso/Documents/74juu/vm/Makefile&quot;  VERBOSE=1 &quot;$file&quot;"/>
					<Clean command="/usr/bin/make -f &quot;/home/oswinso/Documents/74juu/vm/Makefile&quot;  VERBOSE=1 clean"/>
					<DistClean command="/usr/bin/make -f &quot;/home/oswinso/Documents/74juu/vm/Makefile&quot;  VERBOSE=1 clean"/>
				</MakeCommands>
			</Target>
		</Build>
		<Unit filename="/home/oswinso/Documents/74juu/vm/main.c">
			<Option target="vm"/>
		</Unit>
		<Unit filename="/home/oswinso/Documents/74juu/vm/main.h">
			<Option target="vm"/>
		</Unit>
		<Unit filename="/home/oswinso/Documents/74juu/vm/printing.c">
			<Option target="vm"/>
		</Unit>
		<Unit filename="/home/oswinso/Documents/74juu/vm/printing.h">
			<Option target="vm"/>
		</Unit>
		<Unit filename="/home/oswinso/Documents/74juu/vm/test.c">
			<Option target="testing"/>
		</Unit>
		<Unit filename="/home/oswinso/Documents/74juu/vm/CMakeLists.txt">
			<Option virtualFolder="CMake Files\"/>
		</Unit>
	</Project>
</CodeBlocks_project_file>
